github.com/go-sql-driver/mysql v1.5.0 h1:ozyZYNQW3x3HtqT1jira07DN2PArx2v7/mN66gGcHOs=
github.com/go-sql-driver/mysql v1.5.0/go.mod h1:DCzpHaOWr8IXmIStZouvnhqoel9Qv2LBy8hT2VhHyBg=
github.com/lxlee1102/cfgmaker v0.1.1 h1:3dkZeY9Va9i/3Vs0LxSkII0S8DovDusv45miYoIlKGE=
github.com/lxlee1102/cfgmaker v0.1.1/go.mod h1:ZLIXZpjWRLcIynAvS6+H6WqXv2G3nG+92sFj6oQ5DM8=
github.com/open-falcon/common v0.0.0-20160912145637-b9ba65549217 h1:L4XJY7gTKcthXZeELbp/Qq7GWfoExjlr/t6/T/rr7Fg=
github.com/open-falcon/common v0.0.0-20160912145637-b9ba65549217/go.mod h1:tnuXAGdYOwQ/LdoyIT4LwLBBdXNxyjIGbjdwjqzCOMs=
github.com/robfig/cron v1.2.0 h1:ZjScXvvxeQ63Dbyxy76Fj3AT3Ut0aKsyd2/tl3DTMuQ=
github.com/robfig/cron/v3 v3.0.1 h1:WdRxkvbJztn8LMz/QEvLN5sBU+xKpSqwwUO1Pjr4qDs=
github.com/robfig/cron/v3 v3.0.1/go.mod h1:eQICP3HwyT7UooqI/z+Ov+PtYAWygg1TEWWzGIFLtro=
github.com/toolkits/container v0.0.0-20151219225805-ba7d73adeaca h1:bUNxqD2ULaaoBA5RLX6YJThj2c75S1BUMT4BmzqkE40=
github.com/toolkits/container v0.0.0-20151219225805-ba7d73adeaca/go.mod h1:Z1hsEp8J9dDg5gRss4uixVSS19XDA4dw6S9ZcBm+hB8=
github.com/toolkits/cron v0.0.0-20150624115642-bebc2953afa6 h1:+AZ8/esXng2Jj/uG1lxI4Q7eloNovd542ZaB6V4iBIU=
github.com/toolkits/cron v0.0.0-20150624115642-bebc2953afa6/go.mod h1:pp3NVdN4QF/u8CgBrjmLuNkDyX2AMR+fxAx+8M4761I=
github.com/toolkits/file v0.0.0-20160325033739-a5b3c5147e07 h1:d/VUIMNTk65Xz69htmRPNfjypq2uNRqVsymcXQu6kKk=
github.com/toolkits/file v0.0.0-20160325033739-a5b3c5147e07/go.mod h1:FbXpUxsx5in7z/OrWFDdhYetOy3/VGIJsVHN9G7RUPA=
github.com/toolkits/http v0.0.0-20150609122824-f3ac6e6c24be h1:ApRE63RTLWH1wUnnMjzaONcBUQUPNfwIRx8BCDRRY4Q=
github.com/toolkits/http v0.0.0-20150609122824-f3ac6e6c24be/go.mod h1:bsnr8hNMOaKLGhz/elAgwx8ncK3kaH/9NHTzqGQK9Zg=
github.com/toolkits/proc v0.0.0-20170520054645-8c734d0eb018 h1:3XcjQU/SBh80DXhAZOekQMb287zmYwIyaBlWIo8MhA8=
github.com/toolkits/proc v0.0.0-20170520054645-8c734d0eb018/go.mod h1:qUAga2ZoGIcH8+lJeKAutG8SJry/D4+dQCKnmGbqk9s=
github.com/toolkits/time v0.0.0-20160524122720-c274716e8d7f h1:dcluAE5OGvcWy7xfrNrYXQrgEUSK34vBpq7mKTE1zz0=
github.com/toolkits/time v0.0.0-20160524122720-c274716e8d7f/go.mod h1:XaIcQHoNgaZn0rTaVOUwOBrsENnHREEBzWmon3ZjUFY=
